
Microsoft Visual Studio Solution File, Format Version 12.00
# Visual Studio Version 16
VisualStudioVersion = 16.0.30225.117
MinimumVisualStudioVersion = 10.0.40219.1
Project("{FAE04EC0-301F-11D3-BF4B-00C04F79EFBC}") = "ChessAppMobile.Android", "ChessAppMobile\ChessAppMobile.Android\ChessAppMobile.Android.csproj", "{085C7B59-9D58-4B04-BF2D-2F61EA64C445}"
EndProject
Project("{FAE04EC0-301F-11D3-BF4B-00C04F79EFBC}") = "ChessAppMobile.iOS", "ChessAppMobile\ChessAppMobile.iOS\ChessAppMobile.iOS.csproj", "{513EA603-DB5E-43BB-8D02-658FA2972C54}"
EndProject
Project("{9A19103F-16F7-4668-BE54-9A1E7A4F7556}") = "ChessAppMobileLibrary", "ChessAppMobile\ChessAppMobileLibrary\ChessAppMobileLibrary.csproj", "{88EAA1B6-1633-42FC-BFA2-F21D1C4F18B1}"
EndProject
Project("{9A19103F-16F7-4668-BE54-9A1E7A4F7556}") = "ChessAppWindows", "ChessAppWindows\ChessAppWindows.csproj", "{CCAE1739-44C3-4030-A4D5-4E75880EC581}"
EndProject
Project("{9A19103F-16F7-4668-BE54-9A1E7A4F7556}") = "MainLibrary", "MainLibrary\MainLibrary.csproj", "{E4D896BF-A111-4D2B-B463-B8D56BE17BC0}"
EndProject
Project("{9A19103F-16F7-4668-BE54-9A1E7A4F7556}") = "Testing", "Testing\Testing.csproj", "{E746C6F1-FF23-4D44-B946-B708B0A98DB3}"
EndProject
Project("{FAE04EC0-301F-11D3-BF4B-00C04F79EFBC}") = "ConsoleTesting", "ConsoleTesting\ConsoleTesting.csproj", "{20F11CFC-2034-48E2-800E-3629DC6806F0}"
EndProject
Global
	GlobalSection(SolutionConfigurationPlatforms) = preSolution
		Debug|Any CPU = Debug|Any CPU
		Debug|iPhone = Debug|iPhone
		Debug|iPhoneSimulator = Debug|iPhoneSimulator
		Release|Any CPU = Release|Any CPU
		Release|iPhone = Release|iPhone
		Release|iPhoneSimulator = Release|iPhoneSimulator
	EndGlobalSection
	GlobalSection(ProjectConfigurationPlatforms) = postSolution
		{085C7B59-9D58-4B04-BF2D-2F61EA64C445}.Debug|Any CPU.ActiveCfg = Debug|Any CPU
		{085C7B59-9D58-4B04-BF2D-2F61EA64C445}.Debug|Any CPU.Build.0 = Debug|Any CPU
		{085C7B59-9D58-4B04-BF2D-2F61EA64C445}.Debug|Any CPU.Deploy.0 = Debug|Any CPU
		{085C7B59-9D58-4B04-BF2D-2F61EA64C445}.Debug|iPhone.ActiveCfg = Debug|Any CPU
		{085C7B59-9D58-4B04-BF2D-2F61EA64C445}.Debug|iPhone.Build.0 = Debug|Any CPU
		{085C7B59-9D58-4B04-BF2D-2F61EA64C445}.Debug|iPhone.Deploy.0 = Debug|Any CPU
		{085C7B59-9D58-4B04-BF2D-2F61EA64C445}.Debug|iPhoneSimulator.ActiveCfg = Debug|Any CPU
		{085C7B59-9D58-4B04-BF2D-2F61EA64C445}.Debug|iPhoneSimulator.Build.0 = Debug|Any CPU
		{085C7B59-9D58-4B04-BF2D-2F61EA64C445}.Debug|iPhoneSimulator.Deploy.0 = Debug|Any CPU
		{085C7B59-9D58-4B04-BF2D-2F61EA64C445}.Release|Any CPU.ActiveCfg = Release|Any CPU
		{085C7B59-9D58-4B04-BF2D-2F61EA64C445}.Release|Any CPU.Build.0 = Release|Any CPU
		{085C7B59-9D58-4B04-BF2D-2F61EA64C445}.Release|Any CPU.Deploy.0 = Release|Any CPU
		{085C7B59-9D58-4B04-BF2D-2F61EA64C445}.Release|iPhone.ActiveCfg = Release|Any CPU
		{085C7B59-9D58-4B04-BF2D-2F61EA64C445}.Release|iPhone.Build.0 = Release|Any CPU
		{085C7B59-9D58-4B04-BF2D-2F61EA64C445}.Release|iPhone.Deploy.0 = Release|Any CPU
		{085C7B59-9D58-4B04-BF2D-2F61EA64C445}.Release|iPhoneSimulator.ActiveCfg = Release|Any CPU
		{085C7B59-9D58-4B04-BF2D-2F61EA64C445}.Release|iPhoneSimulator.Build.0 = Release|Any CPU
		{085C7B59-9D58-4B04-BF2D-2F61EA64C445}.Release|iPhoneSimulator.Deploy.0 = Release|Any CPU
		{513EA603-DB5E-43BB-8D02-658FA2972C54}.Debug|Any CPU.ActiveCfg = Debug|iPhone
		{513EA603-DB5E-43BB-8D02-658FA2972C54}.Debug|iPhone.ActiveCfg = Debug|iPhone
		{513EA603-DB5E-43BB-8D02-658FA2972C54}.Debug|iPhone.Build.0 = Debug|iPhone
		{513EA603-DB5E-43BB-8D02-658FA2972C54}.Debug|iPhoneSimulator.ActiveCfg = Debug|iPhoneSimulator
		{513EA603-DB5E-43BB-8D02-658FA2972C54}.Debug|iPhoneSimulator.Build.0 = Debug|iPhoneSimulator
		{513EA603-DB5E-43BB-8D02-658FA2972C54}.Release|Any CPU.ActiveCfg = Release|iPhone
		{513EA603-DB5E-43BB-8D02-658FA2972C54}.Release|iPhone.ActiveCfg = Release|iPhone
		{513EA603-DB5E-43BB-8D02-658FA2972C54}.Release|iPhone.Build.0 = Release|iPhone
		{513EA603-DB5E-43BB-8D02-658FA2972C54}.Release|iPhoneSimulator.ActiveCfg = Release|iPhoneSimulator
		{513EA603-DB5E-43BB-8D02-658FA2972C54}.Release|iPhoneSimulator.Build.0 = Release|iPhoneSimulator
		{88EAA1B6-1633-42FC-BFA2-F21D1C4F18B1}.Debug|Any CPU.ActiveCfg = Debug|Any CPU
		{88EAA1B6-1633-42FC-BFA2-F21D1C4F18B1}.Debug|Any CPU.Build.0 = Debug|Any CPU
		{88EAA1B6-1633-42FC-BFA2-F21D1C4F18B1}.Debug|iPhone.ActiveCfg = Debug|Any CPU
		{88EAA1B6-1633-42FC-BFA2-F21D1C4F18B1}.Debug|iPhone.Build.0 = Debug|Any CPU
		{88EAA1B6-1633-42FC-BFA2-F21D1C4F18B1}.Debug|iPhoneSimulator.ActiveCfg = Debug|Any CPU
		{88EAA1B6-1633-42FC-BFA2-F21D1C4F18B1}.Debug|iPhoneSimulator.Build.0 = Debug|Any CPU
		{88EAA1B6-1633-42FC-BFA2-F21D1C4F18B1}.Release|Any CPU.ActiveCfg = Release|Any CPU
		{88EAA1B6-1633-42FC-BFA2-F21D1C4F18B1}.Release|Any CPU.Build.0 = Release|Any CPU
		{88EAA1B6-1633-42FC-BFA2-F21D1C4F18B1}.Release|iPhone.ActiveCfg = Release|Any CPU
		{88EAA1B6-1633-42FC-BFA2-F21D1C4F18B1}.Release|iPhone.Build.0 = Release|Any CPU
		{88EAA1B6-1633-42FC-BFA2-F21D1C4F18B1}.Release|iPhoneSimulator.ActiveCfg = Release|Any CPU
		{88EAA1B6-1633-42FC-BFA2-F21D1C4F18B1}.Release|iPhoneSimulator.Build.0 = Release|Any CPU
		{CCAE1739-44C3-4030-A4D5-4E75880EC581}.Debug|Any CPU.ActiveCfg = Debug|Any CPU
		{CCAE1739-44C3-4030-A4D5-4E75880EC581}.Debug|Any CPU.Build.0 = Debug|Any CPU
		{CCAE1739-44C3-4030-A4D5-4E75880EC581}.Debug|iPhone.ActiveCfg = Debug|Any CPU
		{CCAE1739-44C3-4030-A4D5-4E75880EC581}.Debug|iPhone.Build.0 = Debug|Any CPU
		{CCAE1739-44C3-4030-A4D5-4E75880EC581}.Debug|iPhoneSimulator.ActiveCfg = Debug|Any CPU
		{CCAE1739-44C3-4030-A4D5-4E75880EC581}.Debug|iPhoneSimulator.Build.0 = Debug|Any CPU
		{CCAE1739-44C3-4030-A4D5-4E75880EC581}.Release|Any CPU.ActiveCfg = Release|Any CPU
		{CCAE1739-44C3-4030-A4D5-4E75880EC581}.Release|Any CPU.Build.0 = Release|Any CPU
		{CCAE1739-44C3-4030-A4D5-4E75880EC581}.Release|iPhone.ActiveCfg = Release|Any CPU
		{CCAE1739-44C3-4030-A4D5-4E75880EC581}.Release|iPhone.Build.0 = Release|Any CPU
		{CCAE1739-44C3-4030-A4D5-4E75880EC581}.Release|iPhoneSimulator.ActiveCfg = Release|Any CPU
		{CCAE1739-44C3-4030-A4D5-4E75880EC581}.Release|iPhoneSimulator.Build.0 = Release|Any CPU
		{E4D896BF-A111-4D2B-B463-B8D56BE17BC0}.Debug|Any CPU.ActiveCfg = Debug|Any CPU
		{E4D896BF-A111-4D2B-B463-B8D56BE17BC0}.Debug|Any CPU.Build.0 = Debug|Any CPU
		{E4D896BF-A111-4D2B-B463-B8D56BE17BC0}.Debug|iPhone.ActiveCfg = Debug|Any CPU
		{E4D896BF-A111-4D2B-B463-B8D56BE17BC0}.Debug|iPhone.Build.0 = Debug|Any CPU
		{E4D896BF-A111-4D2B-B463-B8D56BE17BC0}.Debug|iPhoneSimulator.ActiveCfg = Debug|Any CPU
		{E4D896BF-A111-4D2B-B463-B8D56BE17BC0}.Debug|iPhoneSimulator.Build.0 = Debug|Any CPU
		{E4D896BF-A111-4D2B-B463-B8D56BE17BC0}.Release|Any CPU.ActiveCfg = Release|Any CPU
		{E4D896BF-A111-4D2B-B463-B8D56BE17BC0}.Release|Any CPU.Build.0 = Release|Any CPU
		{E4D896BF-A111-4D2B-B463-B8D56BE17BC0}.Release|iPhone.ActiveCfg = Release|Any CPU
		{E4D896BF-A111-4D2B-B463-B8D56BE17BC0}.Release|iPhone.Build.0 = Release|Any CPU
		{E4D896BF-A111-4D2B-B463-B8D56BE17BC0}.Release|iPhoneSimulator.ActiveCfg = Release|Any CPU
		{E4D896BF-A111-4D2B-B463-B8D56BE17BC0}.Release|iPhoneSimulator.Build.0 = Release|Any CPU
		{E746C6F1-FF23-4D44-B946-B708B0A98DB3}.Debug|Any CPU.ActiveCfg = Debug|Any CPU
		{E746C6F1-FF23-4D44-B946-B708B0A98DB3}.Debug|Any CPU.Build.0 = Debug|Any CPU
		{E746C6F1-FF23-4D44-B946-B708B0A98DB3}.Debug|iPhone.ActiveCfg = Debug|Any CPU
		{E746C6F1-FF23-4D44-B946-B708B0A98DB3}.Debug|iPhone.Build.0 = Debug|Any CPU
		{E746C6F1-FF23-4D44-B946-B708B0A98DB3}.Debug|iPhoneSimulator.ActiveCfg = Debug|Any CPU
		{E746C6F1-FF23-4D44-B946-B708B0A98DB3}.Debug|iPhoneSimulator.Build.0 = Debug|Any CPU
		{E746C6F1-FF23-4D44-B946-B708B0A98DB3}.Release|Any CPU.ActiveCfg = Release|Any CPU
		{E746C6F1-FF23-4D44-B946-B708B0A98DB3}.Release|Any CPU.Build.0 = Release|Any CPU
		{E746C6F1-FF23-4D44-B946-B708B0A98DB3}.Release|iPhone.ActiveCfg = Release|Any CPU
		{E746C6F1-FF23-4D44-B946-B708B0A98DB3}.Release|iPhone.Build.0 = Release|Any CPU
		{E746C6F1-FF23-4D44-B946-B708B0A98DB3}.Release|iPhoneSimulator.ActiveCfg = Release|Any CPU
		{E746C6F1-FF23-4D44-B946-B708B0A98DB3}.Release|iPhoneSimulator.Build.0 = Release|Any CPU
		{20F11CFC-2034-48E2-800E-3629DC6806F0}.Debug|Any CPU.ActiveCfg = Debug|Any CPU
		{20F11CFC-2034-48E2-800E-3629DC6806F0}.Debug|Any CPU.Build.0 = Debug|Any CPU
		{20F11CFC-2034-48E2-800E-3629DC6806F0}.Debug|iPhone.ActiveCfg = Debug|Any CPU
		{20F11CFC-2034-48E2-800E-3629DC6806F0}.Debug|iPhone.Build.0 = Debug|Any CPU
		{20F11CFC-2034-48E2-800E-3629DC6806F0}.Debug|iPhoneSimulator.ActiveCfg = Debug|Any CPU
		{20F11CFC-2034-48E2-800E-3629DC6806F0}.Debug|iPhoneSimulator.Build.0 = Debug|Any CPU
		{20F11CFC-2034-48E2-800E-3629DC6806F0}.Release|Any CPU.ActiveCfg = Release|Any CPU
		{20F11CFC-2034-48E2-800E-3629DC6806F0}.Release|Any CPU.Build.0 = Release|Any CPU
		{20F11CFC-2034-48E2-800E-3629DC6806F0}.Release|iPhone.ActiveCfg = Release|Any CPU
		{20F11CFC-2034-48E2-800E-3629DC6806F0}.Release|iPhone.Build.0 = Release|Any CPU
		{20F11CFC-2034-48E2-800E-3629DC6806F0}.Release|iPhoneSimulator.ActiveCfg = Release|Any CPU
		{20F11CFC-2034-48E2-800E-3629DC6806F0}.Release|iPhoneSimulator.Build.0 = Release|Any CPU
	EndGlobalSection
	GlobalSection(SolutionProperties) = preSolution
		HideSolutionNode = FALSE
	EndGlobalSection
	GlobalSection(ExtensibilityGlobals) = postSolution
		SolutionGuid = {279243B7-EDD0-44D6-B8B7-B08FE34A64F5}
	EndGlobalSection
EndGlobal
